
Microsoft Visual Studio Solution File, Format Version 12.00
# Visual Studio 15
VisualStudioVersion = 15.0.28307.960
MinimumVisualStudioVersion = 10.0.40219.1
Project("{FAE04EC0-301F-11D3-BF4B-00C04F79EFBC}") = "Adressdaten", "Adressdaten\Adressdaten.csproj", "{48F45E32-9ECA-40C0-8482-5303347F06C2}"
EndProject
Global
	GlobalSection(SolutionConfigurationPlatforms) = preSolution
		Debug|Any CPU = Debug|Any CPU
		Release|Any CPU = Release|Any CPU
	EndGlobalSection
	GlobalSection(ProjectConfigurationPlatforms) = postSolution
		{48F45E32-9ECA-40C0-8482-5303347F06C2}.Debug|Any CPU.ActiveCfg = Debug|Any CPU
		{48F45E32-9ECA-40C0-8482-5303347F06C2}.Debug|Any CPU.Build.0 = Debug|Any CPU
		{48F45E32-9ECA-40C0-8482-5303347F06C2}.Release|Any CPU.ActiveCfg = Release|Any CPU
		{48F45E32-9ECA-40C0-8482-5303347F06C2}.Release|Any CPU.Build.0 = Release|Any CPU
	EndGlobalSection
	GlobalSection(SolutionProperties) = preSolution
		HideSolutionNode = FALSE
	EndGlobalSection
	GlobalSection(ExtensibilityGlobals) = postSolution
		SolutionGuid = {060099C7-F52D-4DA4-A374-7665BF61F1CF}
	EndGlobalSection
EndGlobal
